
Microsoft Visual Studio Solution File, Format Version 12.00
# Visual Studio Version 16
VisualStudioVersion = 16.0.30517.126
MinimumVisualStudioVersion = 10.0.40219.1
Project("{FAE04EC0-301F-11D3-BF4B-00C04F79EFBC}") = "BerTug", "BerTug\BerTug.csproj", "{EBCC3199-DA21-4698-AD90-06896421F0CC}"
EndProject
Global
	GlobalSection(SolutionConfigurationPlatforms) = preSolution
		Debug|Any CPU = Debug|Any CPU
		Release|Any CPU = Release|Any CPU
	EndGlobalSection
	GlobalSection(ProjectConfigurationPlatforms) = postSolution
		{EBCC3199-DA21-4698-AD90-06896421F0CC}.Debug|Any CPU.ActiveCfg = Debug|Any CPU
		{EBCC3199-DA21-4698-AD90-06896421F0CC}.Debug|Any CPU.Build.0 = Debug|Any CPU
		{EBCC3199-DA21-4698-AD90-06896421F0CC}.Release|Any CPU.ActiveCfg = Release|Any CPU
		{EBCC3199-DA21-4698-AD90-06896421F0CC}.Release|Any CPU.Build.0 = Release|Any CPU
	EndGlobalSection
	GlobalSection(SolutionProperties) = preSolution
		HideSolutionNode = FALSE
	EndGlobalSection
	GlobalSection(ExtensibilityGlobals) = postSolution
		SolutionGuid = {5963634A-5365-482B-9787-DF501901FE28}
	EndGlobalSection
EndGlobal
